
Microsoft Visual Studio Solution File, Format Version 12.00
# Visual Studio Version 17
VisualStudioVersion = 17.9.34728.123
MinimumVisualStudioVersion = 10.0.40219.1
Project("{FAE04EC0-301F-11D3-BF4B-00C04F79EFBC}") = "Embeddings", "Embeddings.csproj", "{FD006E65-B192-4293-8030-7A0706A8C17A}"
EndProject
Global
	GlobalSection(SolutionConfigurationPlatforms) = preSolution
		Debug|Any CPU = Debug|Any CPU
		Release|Any CPU = Release|Any CPU
	EndGlobalSection
	GlobalSection(ProjectConfigurationPlatforms) = postSolution
		{FD006E65-B192-4293-8030-7A0706A8C17A}.Debug|Any CPU.ActiveCfg = Debug|Any CPU
		{FD006E65-B192-4293-8030-7A0706A8C17A}.Debug|Any CPU.Build.0 = Debug|Any CPU
		{FD006E65-B192-4293-8030-7A0706A8C17A}.Release|Any CPU.ActiveCfg = Release|Any CPU
		{FD006E65-B192-4293-8030-7A0706A8C17A}.Release|Any CPU.Build.0 = Release|Any CPU
	EndGlobalSection
	GlobalSection(SolutionProperties) = preSolution
		HideSolutionNode = FALSE
	EndGlobalSection
	GlobalSection(ExtensibilityGlobals) = postSolution
		SolutionGuid = {396D8283-5EB4-477D-90F0-781FC30E1003}
	EndGlobalSection
EndGlobal
